{"1.2.0",
[{<<"cowboy">>,{pkg,<<"cowboy">>,<<"2.13.0">>},0},
 {<<"cowlib">>,{pkg,<<"cowlib">>,<<"2.20.0">>},1},
 {<<"jargon">>,{pkg,<<"jargon">>,<<"1.0.1">>},0},
 {<<"ranch">>,{pkg,<<"ranch">>,<<"2.3.0">>},1}]}.
[
{pkg_hash,[
 {<<"cowboy">>, <<"09D770DD5F6A22CC60C071F432CD7CB87776164527F205C5A6B0F24FF6B38990">>},
 {<<"cowlib">>, <<"BB525377BA634CD6D68BAC7BFF5D98571F738806139D335DACA827717C5DC172">>},
 {<<"jargon">>, <<"145CA865744B16BDBCD20DEEA25D03753CBA2A31388BE701DDE3E18E4222ECEB">>},
 {<<"ranch">>, <<"7DE7B041A9A6A5091A3AA5898D66C0564BE671D87DB4F9D63B1B5EE775B097DF">>}]},
{pkg_hash_ext,[
 {<<"cowboy">>, <<"E724D3A70995025D654C1992C7B11DBFEA95205C047D86FF9BF1CDA92DDC5614">>},
 {<<"cowlib">>, <<"7D41A0DD2C093041FF3779AC5FE8A1585A68EC7CB2DD1DE0536BDD2452FD7BA1">>},
 {<<"jargon">>, <<"E969FC304BBC3F69514161DF5F9B6BA71FEF8EACB3B209784BE15FF48EC68689">>},
 {<<"ranch">>, <<"6168EC49409D982F7CFBD83DD083144F6CBE67CAA4036551D2F0A3AD67C9D023">>}]}
].
